
Microsoft Visual Studio Solution File, Format Version 11.00
# Visual Studio 2010
Project("{FAE04EC0-301F-11D3-BF4B-00C04F79EFBC}") = "AdaptiveTD", "AdaptiveTD\AdaptiveTD\AdaptiveTD.csproj", "{913793DF-3A85-4D10-902E-FC1AC93B2259}"
EndProject
Project("{96E2B04D-8817-42C6-938A-82C39BA4D311}") = "AdaptiveTDContent", "AdaptiveTD\AdaptiveTDContent\AdaptiveTDContent.contentproj", "{DE9A1362-73D9-4432-BECF-FE1037B4E467}"
EndProject
Global
	GlobalSection(SolutionConfigurationPlatforms) = preSolution
		Debug|x86 = Debug|x86
		Release|x86 = Release|x86
	EndGlobalSection
	GlobalSection(ProjectConfigurationPlatforms) = postSolution
		{913793DF-3A85-4D10-902E-FC1AC93B2259}.Debug|x86.ActiveCfg = Debug|x86
		{913793DF-3A85-4D10-902E-FC1AC93B2259}.Debug|x86.Build.0 = Debug|x86
		{913793DF-3A85-4D10-902E-FC1AC93B2259}.Release|x86.ActiveCfg = Release|x86
		{913793DF-3A85-4D10-902E-FC1AC93B2259}.Release|x86.Build.0 = Release|x86
		{DE9A1362-73D9-4432-BECF-FE1037B4E467}.Debug|x86.ActiveCfg = Debug|x86
		{DE9A1362-73D9-4432-BECF-FE1037B4E467}.Release|x86.ActiveCfg = Release|x86
	EndGlobalSection
	GlobalSection(SolutionProperties) = preSolution
		HideSolutionNode = FALSE
	EndGlobalSection
EndGlobal
